
Microsoft Visual Studio Solution File, Format Version 12.00
# Visual Studio Version 17
VisualStudioVersion = 17.0.31919.166
MinimumVisualStudioVersion = 10.0.40219.1
Project("{FAE04EC0-301F-11D3-BF4B-00C04F79EFBC}") = "MaterialsManager", "MaterialsManager\MaterialsManager.csproj", "{ECEF959B-D174-4FAB-AADA-888B8EF03631}"
EndProject
Global
	GlobalSection(SolutionConfigurationPlatforms) = preSolution
		Debug|Any CPU = Debug|Any CPU
		Release|Any CPU = Release|Any CPU
	EndGlobalSection
	GlobalSection(ProjectConfigurationPlatforms) = postSolution
		{ECEF959B-D174-4FAB-AADA-888B8EF03631}.Debug|Any CPU.ActiveCfg = Debug|Any CPU
		{ECEF959B-D174-4FAB-AADA-888B8EF03631}.Debug|Any CPU.Build.0 = Debug|Any CPU
		{ECEF959B-D174-4FAB-AADA-888B8EF03631}.Release|Any CPU.ActiveCfg = Release|Any CPU
		{ECEF959B-D174-4FAB-AADA-888B8EF03631}.Release|Any CPU.Build.0 = Release|Any CPU
	EndGlobalSection
	GlobalSection(SolutionProperties) = preSolution
		HideSolutionNode = FALSE
	EndGlobalSection
	GlobalSection(ExtensibilityGlobals) = postSolution
		SolutionGuid = {ECBA2825-4627-40B5-8398-B8D475E69ED1}
	EndGlobalSection
EndGlobal
